
Microsoft Visual Studio Solution File, Format Version 12.00
# Visual Studio Version 17
VisualStudioVersion = 17.5.33530.505
MinimumVisualStudioVersion = 10.0.40219.1
Project("{FAE04EC0-301F-11D3-BF4B-00C04F79EFBC}") = "Pary liczb", "Pary liczb\Pary liczb.csproj", "{5D485F9D-7C2C-49DB-8384-8689FCFC8A94}"
EndProject
Global
	GlobalSection(SolutionConfigurationPlatforms) = preSolution
		Debug|Any CPU = Debug|Any CPU
		Release|Any CPU = Release|Any CPU
	EndGlobalSection
	GlobalSection(ProjectConfigurationPlatforms) = postSolution
		{5D485F9D-7C2C-49DB-8384-8689FCFC8A94}.Debug|Any CPU.ActiveCfg = Debug|Any CPU
		{5D485F9D-7C2C-49DB-8384-8689FCFC8A94}.Debug|Any CPU.Build.0 = Debug|Any CPU
		{5D485F9D-7C2C-49DB-8384-8689FCFC8A94}.Release|Any CPU.ActiveCfg = Release|Any CPU
		{5D485F9D-7C2C-49DB-8384-8689FCFC8A94}.Release|Any CPU.Build.0 = Release|Any CPU
	EndGlobalSection
	GlobalSection(SolutionProperties) = preSolution
		HideSolutionNode = FALSE
	EndGlobalSection
	GlobalSection(ExtensibilityGlobals) = postSolution
		SolutionGuid = {4E7FE700-20B1-44BF-BA31-07FBEF28B3D2}
	EndGlobalSection
EndGlobal
