
Microsoft Visual Studio Solution File, Format Version 12.00
# Visual Studio Version 17
VisualStudioVersion = 17.5.33530.505
MinimumVisualStudioVersion = 10.0.40219.1
Project("{FAE04EC0-301F-11D3-BF4B-00C04F79EFBC}") = "Silnia", "Silnia\Silnia.csproj", "{9A468E44-3D0D-44D8-AE0A-9742B8B89850}"
EndProject
Global
	GlobalSection(SolutionConfigurationPlatforms) = preSolution
		Debug|Any CPU = Debug|Any CPU
		Release|Any CPU = Release|Any CPU
	EndGlobalSection
	GlobalSection(ProjectConfigurationPlatforms) = postSolution
		{9A468E44-3D0D-44D8-AE0A-9742B8B89850}.Debug|Any CPU.ActiveCfg = Debug|Any CPU
		{9A468E44-3D0D-44D8-AE0A-9742B8B89850}.Debug|Any CPU.Build.0 = Debug|Any CPU
		{9A468E44-3D0D-44D8-AE0A-9742B8B89850}.Release|Any CPU.ActiveCfg = Release|Any CPU
		{9A468E44-3D0D-44D8-AE0A-9742B8B89850}.Release|Any CPU.Build.0 = Release|Any CPU
	EndGlobalSection
	GlobalSection(SolutionProperties) = preSolution
		HideSolutionNode = FALSE
	EndGlobalSection
	GlobalSection(ExtensibilityGlobals) = postSolution
		SolutionGuid = {A2C565A0-A1DF-4613-859A-29A808A99DF4}
	EndGlobalSection
EndGlobal
